
Microsoft Visual Studio Solution File, Format Version 12.00
# Visual Studio 15
VisualStudioVersion = 15.0.28307.1231
MinimumVisualStudioVersion = 10.0.40219.1
Project("{FAE04EC0-301F-11D3-BF4B-00C04F79EFBC}") = "ContactPhone", "ContactPhone\ContactPhone.csproj", "{DECBD5D2-72EC-4738-8E4C-F96AE01DA346}"
EndProject
Global
	GlobalSection(SolutionConfigurationPlatforms) = preSolution
		Debug|Any CPU = Debug|Any CPU
		Release|Any CPU = Release|Any CPU
	EndGlobalSection
	GlobalSection(ProjectConfigurationPlatforms) = postSolution
		{DECBD5D2-72EC-4738-8E4C-F96AE01DA346}.Debug|Any CPU.ActiveCfg = Debug|Any CPU
		{DECBD5D2-72EC-4738-8E4C-F96AE01DA346}.Debug|Any CPU.Build.0 = Debug|Any CPU
		{DECBD5D2-72EC-4738-8E4C-F96AE01DA346}.Release|Any CPU.ActiveCfg = Release|Any CPU
		{DECBD5D2-72EC-4738-8E4C-F96AE01DA346}.Release|Any CPU.Build.0 = Release|Any CPU
	EndGlobalSection
	GlobalSection(SolutionProperties) = preSolution
		HideSolutionNode = FALSE
	EndGlobalSection
	GlobalSection(ExtensibilityGlobals) = postSolution
		SolutionGuid = {BAE97245-AC8A-4A49-BA9C-CF5FA1CC10E5}
	EndGlobalSection
EndGlobal
